
Microsoft Visual Studio Solution File, Format Version 12.00
# Visual Studio Version 16
VisualStudioVersion = 16.0.32106.194
MinimumVisualStudioVersion = 10.0.40219.1
Project("{FAE04EC0-301F-11D3-BF4B-00C04F79EFBC}") = "Weather.Api", "Weather.Api\Weather.Api.csproj", "{B78038AB-7469-41D9-85FF-E96D20E62BF0}"
EndProject
Global
	GlobalSection(SolutionConfigurationPlatforms) = preSolution
		Debug|Any CPU = Debug|Any CPU
		Release|Any CPU = Release|Any CPU
	EndGlobalSection
	GlobalSection(ProjectConfigurationPlatforms) = postSolution
		{B78038AB-7469-41D9-85FF-E96D20E62BF0}.Debug|Any CPU.ActiveCfg = Debug|Any CPU
		{B78038AB-7469-41D9-85FF-E96D20E62BF0}.Debug|Any CPU.Build.0 = Debug|Any CPU
		{B78038AB-7469-41D9-85FF-E96D20E62BF0}.Release|Any CPU.ActiveCfg = Release|Any CPU
		{B78038AB-7469-41D9-85FF-E96D20E62BF0}.Release|Any CPU.Build.0 = Release|Any CPU
	EndGlobalSection
	GlobalSection(SolutionProperties) = preSolution
		HideSolutionNode = FALSE
	EndGlobalSection
	GlobalSection(ExtensibilityGlobals) = postSolution
		SolutionGuid = {4727E91F-481C-498E-8260-32432A4FF80D}
	EndGlobalSection
EndGlobal
